
Microsoft Visual Studio Solution File, Format Version 12.00
# Visual Studio Version 17
VisualStudioVersion = 17.6.33723.286
MinimumVisualStudioVersion = 10.0.40219.1
Project("{FAE04EC0-301F-11D3-BF4B-00C04F79EFBC}") = "RisingLava", "RisingLava\RisingLava.csproj", "{CE41D770-DEC4-4A6F-83DD-3C8CCE29E380}"
EndProject
Global
	GlobalSection(SolutionConfigurationPlatforms) = preSolution
		Debug|Any CPU = Debug|Any CPU
		Release|Any CPU = Release|Any CPU
	EndGlobalSection
	GlobalSection(ProjectConfigurationPlatforms) = postSolution
		{CE41D770-DEC4-4A6F-83DD-3C8CCE29E380}.Debug|Any CPU.ActiveCfg = Debug|Any CPU
		{CE41D770-DEC4-4A6F-83DD-3C8CCE29E380}.Debug|Any CPU.Build.0 = Debug|Any CPU
		{CE41D770-DEC4-4A6F-83DD-3C8CCE29E380}.Release|Any CPU.ActiveCfg = Release|Any CPU
		{CE41D770-DEC4-4A6F-83DD-3C8CCE29E380}.Release|Any CPU.Build.0 = Release|Any CPU
	EndGlobalSection
	GlobalSection(SolutionProperties) = preSolution
		HideSolutionNode = FALSE
	EndGlobalSection
	GlobalSection(ExtensibilityGlobals) = postSolution
		SolutionGuid = {F1E9C14D-572E-4960-BFD4-26CA2ECEE340}
	EndGlobalSection
EndGlobal
